
Microsoft Visual Studio Solution File, Format Version 12.00
# Visual Studio Version 16
VisualStudioVersion = 16.0.30711.63
MinimumVisualStudioVersion = 10.0.40219.1
Project("{9A19103F-16F7-4668-BE54-9A1E7A4F7556}") = "CashCrusadersFranchising.API", "..\OrderManagementSystem\CashCrusadersFranchising\CashCrusadersFranchising.API.csproj", "{F5A91DEF-44C0-46AE-92D6-FEE6A2E1549E}"
EndProject
Project("{9A19103F-16F7-4668-BE54-9A1E7A4F7556}") = "CashCrusadersFranchising.Api.Data", "..\OrderManagementSystem\CashCrusadersFranchising.Api.Data\CashCrusadersFranchising.Api.Data.csproj", "{69F56D48-DB00-4446-8965-AAC9A31E0A32}"
EndProject
Project("{9A19103F-16F7-4668-BE54-9A1E7A4F7556}") = "CashCrusadersFranchising.API.Models", "..\OrderManagementSystem\CashCrusadersFranchising.API.Models\CashCrusadersFranchising.API.Models.csproj", "{0CA73246-949B-41CB-BB3E-709A1FDA6D08}"
EndProject
Project("{9A19103F-16F7-4668-BE54-9A1E7A4F7556}") = "CashCrusadersFranchising.API.Service", "..\OrderManagementSystem\CashCrusadersFranchising.API.Service\CashCrusadersFranchising.API.Service.csproj", "{8A6A0643-4813-4EED-80B1-D82C108C017A}"
EndProject
Project("{9A19103F-16F7-4668-BE54-9A1E7A4F7556}") = "CashCrusadersFranchising.API.Service.Domain", "..\OrderManagementSystem\CashCrusadersFranchising.API.Service.Domain\CashCrusadersFranchising.API.Service.Domain.csproj", "{8C3B4359-EED8-4585-943F-4851A05D1BE9}"
EndProject
Global
	GlobalSection(SolutionConfigurationPlatforms) = preSolution
		Debug|Any CPU = Debug|Any CPU
		Release|Any CPU = Release|Any CPU
	EndGlobalSection
	GlobalSection(ProjectConfigurationPlatforms) = postSolution
		{F5A91DEF-44C0-46AE-92D6-FEE6A2E1549E}.Debug|Any CPU.ActiveCfg = Debug|Any CPU
		{F5A91DEF-44C0-46AE-92D6-FEE6A2E1549E}.Debug|Any CPU.Build.0 = Debug|Any CPU
		{F5A91DEF-44C0-46AE-92D6-FEE6A2E1549E}.Release|Any CPU.ActiveCfg = Release|Any CPU
		{F5A91DEF-44C0-46AE-92D6-FEE6A2E1549E}.Release|Any CPU.Build.0 = Release|Any CPU
		{69F56D48-DB00-4446-8965-AAC9A31E0A32}.Debug|Any CPU.ActiveCfg = Debug|Any CPU
		{69F56D48-DB00-4446-8965-AAC9A31E0A32}.Debug|Any CPU.Build.0 = Debug|Any CPU
		{69F56D48-DB00-4446-8965-AAC9A31E0A32}.Release|Any CPU.ActiveCfg = Release|Any CPU
		{69F56D48-DB00-4446-8965-AAC9A31E0A32}.Release|Any CPU.Build.0 = Release|Any CPU
		{0CA73246-949B-41CB-BB3E-709A1FDA6D08}.Debug|Any CPU.ActiveCfg = Debug|Any CPU
		{0CA73246-949B-41CB-BB3E-709A1FDA6D08}.Debug|Any CPU.Build.0 = Debug|Any CPU
		{0CA73246-949B-41CB-BB3E-709A1FDA6D08}.Release|Any CPU.ActiveCfg = Release|Any CPU
		{0CA73246-949B-41CB-BB3E-709A1FDA6D08}.Release|Any CPU.Build.0 = Release|Any CPU
		{8A6A0643-4813-4EED-80B1-D82C108C017A}.Debug|Any CPU.ActiveCfg = Debug|Any CPU
		{8A6A0643-4813-4EED-80B1-D82C108C017A}.Debug|Any CPU.Build.0 = Debug|Any CPU
		{8A6A0643-4813-4EED-80B1-D82C108C017A}.Release|Any CPU.ActiveCfg = Release|Any CPU
		{8A6A0643-4813-4EED-80B1-D82C108C017A}.Release|Any CPU.Build.0 = Release|Any CPU
		{8C3B4359-EED8-4585-943F-4851A05D1BE9}.Debug|Any CPU.ActiveCfg = Debug|Any CPU
		{8C3B4359-EED8-4585-943F-4851A05D1BE9}.Debug|Any CPU.Build.0 = Debug|Any CPU
		{8C3B4359-EED8-4585-943F-4851A05D1BE9}.Release|Any CPU.ActiveCfg = Release|Any CPU
		{8C3B4359-EED8-4585-943F-4851A05D1BE9}.Release|Any CPU.Build.0 = Release|Any CPU
	EndGlobalSection
	GlobalSection(SolutionProperties) = preSolution
		HideSolutionNode = FALSE
	EndGlobalSection
	GlobalSection(ExtensibilityGlobals) = postSolution
		SolutionGuid = {211A2063-915B-4386-9044-A46AAE2E5AE4}
	EndGlobalSection
EndGlobal
